{
  "projects": [
    {
      "projectId": "28Ba3BDvRe7EiWdfFNnLB6",
      "version": "2.1.1",
      "dependencies": {},
      "lang": "ts",
      "fileLocks": [
        {
          "assetId": "28Ba3BDvRe7EiWdfFNnLB6",
          "type": "projectCss",
          "checksum": "45ad053e4d139f2fd68e52efbfa9ea55"
        }
      ],
      "codegenVersion": "0.0.1"
    },
    {
      "projectId": "r3ASNrnyvLLLAtDvzUioQ",
      "version": "3.0.0",
      "dependencies": {},
      "lang": "ts",
      "fileLocks": [
        {
          "assetId": "r3ASNrnyvLLLAtDvzUioQ",
          "type": "projectCss",
          "checksum": "d8141aa120a3c96f37aa5e000670b513"
        }
      ],
      "codegenVersion": "0.0.1"
    },
    {
      "projectId": "wGQNdEnY25VfiXqc2ZGJrZ",
      "version": "latest",
      "dependencies": {
        "r3ASNrnyvLLLAtDvzUioQ": "3.0.0",
        "28Ba3BDvRe7EiWdfFNnLB6": "2.1.1"
      },
      "lang": "ts",
      "fileLocks": [
        {
          "type": "renderModule",
          "assetId": "4V9pJe2SUwNn",
          "checksum": "526944db9b3ffd40064fe2fa7f906da0"
        },
        {
          "type": "cssRules",
          "assetId": "4V9pJe2SUwNn",
          "checksum": "526944db9b3ffd40064fe2fa7f906da0"
        },
        {
          "type": "renderModule",
          "assetId": "eZM_gBMn2w",
          "checksum": "b4212aa9444fe3ca9b788b9fbe238f8c"
        },
        {
          "type": "cssRules",
          "assetId": "eZM_gBMn2w",
          "checksum": "b4212aa9444fe3ca9b788b9fbe238f8c"
        },
        {
          "type": "renderModule",
          "assetId": "fM-PBE3gad",
          "checksum": "ff0fd2185e2ec943908f928dacb2954a"
        },
        {
          "type": "cssRules",
          "assetId": "fM-PBE3gad",
          "checksum": "ff0fd2185e2ec943908f928dacb2954a"
        },
        {
          "type": "renderModule",
          "assetId": "L7QFJmh6d_I",
          "checksum": "7bf4e8d97bc166108fd5e0dd78e6862a"
        },
        {
          "type": "cssRules",
          "assetId": "L7QFJmh6d_I",
          "checksum": "7bf4e8d97bc166108fd5e0dd78e6862a"
        },
        {
          "type": "icon",
          "assetId": "zT1yyLrytDX",
          "checksum": "208244972051d2dfa395ef460935b926"
        },
        {
          "type": "icon",
          "assetId": "zsir4Dm1UbC",
          "checksum": "2f1c421ea0ba5a187fa8e2085814d381"
        },
        {
          "type": "icon",
          "assetId": "4WXBfYFgy",
          "checksum": "bddd6963de6e95874a25b65db944e0c4"
        },
        {
          "type": "icon",
          "assetId": "YJSks7-cKx",
          "checksum": "b9bf8ff0cf435b9a8070ff684a3a581b"
        },
        {
          "type": "icon",
          "assetId": "YaioNKdeFV",
          "checksum": "6acea1b5d63fc745361dd10b8ea95895"
        },
        {
          "type": "icon",
          "assetId": "Jz_s8Wvzgq",
          "checksum": "72fa638b15f818055a0d6019c0d7fd8f"
        },
        {
          "type": "icon",
          "assetId": "bRMD7TZ0qg",
          "checksum": "aaaa0a79680f43776426a46e7a2efe6a"
        },
        {
          "type": "icon",
          "assetId": "AQaATkY-uE",
          "checksum": "264bd6c48eaf6f0992981290661ea3ea"
        },
        {
          "type": "icon",
          "assetId": "sOWy2b1yuZ",
          "checksum": "c19632f3a35180e1a9fa8412b4271085"
        },
        {
          "type": "icon",
          "assetId": "e7xl9pDzGf",
          "checksum": "069e7d8e231df739b235bfa4b8b1ca45"
        },
        {
          "type": "icon",
          "assetId": "P0uugp2jEe",
          "checksum": "e8b0b1e67862ae20568a02e345b0164a"
        },
        {
          "type": "icon",
          "assetId": "DKDrvPLykl",
          "checksum": "327bc71644f2f6743376bd5ca52547ff"
        },
        {
          "type": "icon",
          "assetId": "yUaWBRXGAT",
          "checksum": "4ea5f92dc59ee712252d47fa1e5611ef"
        },
        {
          "type": "icon",
          "assetId": "YhypdoLL2z",
          "checksum": "d8d86a59784e2c5f1285b9aab40629bf"
        },
        {
          "type": "icon",
          "assetId": "2XixHAoBao",
          "checksum": "6d5fa9c33dac76b8688ffd4fd5ed6ca0"
        },
        {
          "type": "icon",
          "assetId": "ngJJ-GwnaY",
          "checksum": "316a2d96b23b9d774bc89071e5621d06"
        },
        {
          "type": "icon",
          "assetId": "8DMeAb7NNq",
          "checksum": "9550344aa5b447cd6e70187995540f17"
        },
        {
          "type": "icon",
          "assetId": "ryaI8VyotDd",
          "checksum": "20857a48aadf7b23730f3a83a536f398"
        },
        {
          "type": "icon",
          "assetId": "RrnStGHaMH_",
          "checksum": "343cb3d9cc44190b0c75494efb6449aa"
        },
        {
          "type": "icon",
          "assetId": "LSRU8DOeASe",
          "checksum": "9d4c784ad45a5f124f1aca752cdb71e7"
        },
        {
          "type": "icon",
          "assetId": "LpPtZzW5OtX",
          "checksum": "bac632e6ac597a2b98b09ab497f22286"
        },
        {
          "type": "icon",
          "assetId": "qOIzQYGwswN",
          "checksum": "a54a2b06f183a001b9e69900172218ed"
        },
        {
          "type": "icon",
          "assetId": "iMhy_reGSmx",
          "checksum": "65f3029db26ec53c9286d756d3768f81"
        },
        {
          "type": "icon",
          "assetId": "yyLUYFhoyS4",
          "checksum": "329140f57f6042448d1e20420d67a89f"
        },
        {
          "type": "icon",
          "assetId": "QPyex1i8q_l",
          "checksum": "96edfa22b4813cb4073cb460fd4147db"
        },
        {
          "type": "icon",
          "assetId": "-qhDoMlgc3n",
          "checksum": "a0977c368b6b7dfbe7ae865a5d22353d"
        },
        {
          "type": "icon",
          "assetId": "RfKpJouolhJ",
          "checksum": "997ceccde199b15141609b9b180cfe61"
        },
        {
          "type": "icon",
          "assetId": "Lc1kRyUVa2",
          "checksum": "afe77ca28a818cd9bdb1dcf211c1c2f7"
        },
        {
          "type": "icon",
          "assetId": "nlVS5Yl-X",
          "checksum": "afc7ea0858bd81ba619bab5c8325b304"
        },
        {
          "type": "icon",
          "assetId": "fa-x8YpM-j",
          "checksum": "13053ff800714a9663af4fdd11d8cd34"
        },
        {
          "type": "icon",
          "assetId": "W7LggHx4Zm",
          "checksum": "48f6b922e5971b016e601103693137cf"
        },
        {
          "type": "image",
          "assetId": "83Sos8jb2zv",
          "checksum": "21ed770c0fb7582ee7bf5a2fdef48353"
        },
        {
          "type": "renderModule",
          "assetId": "0-CIISOwT0",
          "checksum": "c89e058e45419b8b5bf8ccd6970f0d06"
        },
        {
          "type": "cssRules",
          "assetId": "0-CIISOwT0",
          "checksum": "c89e058e45419b8b5bf8ccd6970f0d06"
        },
        {
          "type": "renderModule",
          "assetId": "nsqmq6QdR8",
          "checksum": "4b9bf03efb0972eaa7f70c0bb0a16511"
        },
        {
          "type": "cssRules",
          "assetId": "nsqmq6QdR8",
          "checksum": "4b9bf03efb0972eaa7f70c0bb0a16511"
        },
        {
          "type": "renderModule",
          "assetId": "aWZ5Rm1too",
          "checksum": "52ac2852285937d3992ff43cda35341f"
        },
        {
          "type": "cssRules",
          "assetId": "aWZ5Rm1too",
          "checksum": "52ac2852285937d3992ff43cda35341f"
        },
        {
          "type": "renderModule",
          "assetId": "Pi1SnN7SLJ",
          "checksum": "ea662f3b51d977d137f6844c28407f12"
        },
        {
          "type": "cssRules",
          "assetId": "Pi1SnN7SLJ",
          "checksum": "ea662f3b51d977d137f6844c28407f12"
        },
        {
          "type": "renderModule",
          "assetId": "jXKRlC2FpR",
          "checksum": "764b30229e465ec5804230de2931cee2"
        },
        {
          "type": "cssRules",
          "assetId": "jXKRlC2FpR",
          "checksum": "764b30229e465ec5804230de2931cee2"
        },
        {
          "type": "renderModule",
          "assetId": "aoIUbV_IZ6",
          "checksum": "b1a3167466be3f08f393193fbe8b4e2e"
        },
        {
          "type": "cssRules",
          "assetId": "aoIUbV_IZ6",
          "checksum": "b1a3167466be3f08f393193fbe8b4e2e"
        },
        {
          "type": "renderModule",
          "assetId": "g8sFvLHOQr",
          "checksum": "caeb1de4a8d16613433989c38b380d20"
        },
        {
          "type": "cssRules",
          "assetId": "g8sFvLHOQr",
          "checksum": "caeb1de4a8d16613433989c38b380d20"
        },
        {
          "type": "icon",
          "assetId": "hI4_MAgG3a",
          "checksum": "bca40ab9e11552c86e91cbc6ae42fd1a"
        },
        {
          "type": "icon",
          "assetId": "xX_5xOFSAF",
          "checksum": "0eaa6735863b33b72915be637e0847f0"
        },
        {
          "assetId": "wGQNdEnY25VfiXqc2ZGJrZ",
          "type": "projectCss",
          "checksum": "29c9cb06279e458351008e8a2b4ae34a"
        },
        {
          "type": "renderModule",
          "assetId": "0OH69dlSQ5",
          "checksum": "d0fa9c11ec728a10b20947884243b304"
        },
        {
          "type": "cssRules",
          "assetId": "0OH69dlSQ5",
          "checksum": "d0fa9c11ec728a10b20947884243b304"
        },
        {
          "type": "renderModule",
          "assetId": "_jlAiRe8-_",
          "checksum": "e65670ccefff8c3d13e5b0c8a9ee52c9"
        },
        {
          "type": "cssRules",
          "assetId": "_jlAiRe8-_",
          "checksum": "e65670ccefff8c3d13e5b0c8a9ee52c9"
        },
        {
          "type": "renderModule",
          "assetId": "gP-HYzHmfTq",
          "checksum": "d8b41e651386f649f903deef473bae0c"
        },
        {
          "type": "cssRules",
          "assetId": "gP-HYzHmfTq",
          "checksum": "d8b41e651386f649f903deef473bae0c"
        },
        {
          "type": "renderModule",
          "assetId": "6K82epA0cI",
          "checksum": "e2f5f16e9e41d36dae6525fb10415963"
        },
        {
          "type": "cssRules",
          "assetId": "6K82epA0cI",
          "checksum": "e2f5f16e9e41d36dae6525fb10415963"
        },
        {
          "type": "renderModule",
          "assetId": "t1tce5B7Zb",
          "checksum": "0dbc43658fb411543f4f2a367e368bc5"
        },
        {
          "type": "cssRules",
          "assetId": "t1tce5B7Zb",
          "checksum": "0dbc43658fb411543f4f2a367e368bc5"
        },
        {
          "type": "renderModule",
          "assetId": "PKQxjs1wgm",
          "checksum": "fac2afaeec728a8f3cbc9032554dce9c"
        },
        {
          "type": "cssRules",
          "assetId": "PKQxjs1wgm",
          "checksum": "fac2afaeec728a8f3cbc9032554dce9c"
        },
        {
          "type": "icon",
          "assetId": "QjsvoVgKAl",
          "checksum": "44c8adcbd0622d631925107973b38d11"
        },
        {
          "type": "icon",
          "assetId": "OMXFNCG8JY",
          "checksum": "78ee75ac48154f3a45b565910d523202"
        },
        {
          "type": "icon",
          "assetId": "da9sopleIS",
          "checksum": "d74c12870ad5ec6d2669f34433dfeee2"
        },
        {
          "type": "icon",
          "assetId": "eE8WHR2991",
          "checksum": "cd18972433d6b7d69c92a4b4e7432b8a"
        },
        {
          "type": "icon",
          "assetId": "oO4s45yxlg",
          "checksum": "6a16feb160ddac74b0a9e878570eb92f"
        },
        {
          "type": "icon",
          "assetId": "uAbKMBtqI6u",
          "checksum": "a636e0e664d3b785618fa1d3a9850d66"
        },
        {
          "type": "icon",
          "assetId": "tnEAR3AGGw-",
          "checksum": "fdc7418ba5d2addac036471eba8dcfcf"
        },
        {
          "type": "icon",
          "assetId": "l6zKJEbUS",
          "checksum": "877baac7c0f26abeb27b4bf4d11be99c"
        },
        {
          "type": "icon",
          "assetId": "Y72ZX9FUhc",
          "checksum": "e10b7966c643ae2640fd7fa376be1631"
        },
        {
          "type": "image",
          "assetId": "7zRAUhSY-",
          "checksum": "f783d91695c3afe14485a5fc4055b58e"
        }
      ],
      "codegenVersion": "0.0.1"
    }
  ],
  "cliVersion": "0.1.178"
}
