{
  "projects": [
    {
      "projectId": "28Ba3BDvRe7EiWdfFNnLB6",
      "version": "2.3.0",
      "dependencies": {},
      "lang": "ts",
      "fileLocks": [
        {
          "assetId": "28Ba3BDvRe7EiWdfFNnLB6",
          "type": "projectCss",
          "checksum": "afb87f03e25d1c04c54780213015f602"
        }
      ],
      "codegenVersion": "0.0.1"
    },
    {
      "projectId": "r3ASNrnyvLLLAtDvzUioQ",
      "version": "3.0.3",
      "dependencies": {},
      "lang": "ts",
      "fileLocks": [
        {
          "assetId": "r3ASNrnyvLLLAtDvzUioQ",
          "type": "projectCss",
          "checksum": "0410684d90fa0ab1fd12f01df40fd068"
        }
      ],
      "codegenVersion": "0.0.1"
    },
    {
      "projectId": "wGQNdEnY25VfiXqc2ZGJrZ",
      "version": "latest",
      "dependencies": {
        "r3ASNrnyvLLLAtDvzUioQ": "3.0.3",
        "28Ba3BDvRe7EiWdfFNnLB6": "2.3.0"
      },
      "lang": "ts",
      "fileLocks": [
        {
          "type": "renderModule",
          "assetId": "4V9pJe2SUwNn",
          "checksum": "2baf64b856d1bc42a8424d7c1fb5edd8"
        },
        {
          "type": "cssRules",
          "assetId": "4V9pJe2SUwNn",
          "checksum": "2baf64b856d1bc42a8424d7c1fb5edd8"
        },
        {
          "type": "renderModule",
          "assetId": "eZM_gBMn2w",
          "checksum": "09df988c757d6cdac1c2dbdedc4e2fa4"
        },
        {
          "type": "cssRules",
          "assetId": "eZM_gBMn2w",
          "checksum": "09df988c757d6cdac1c2dbdedc4e2fa4"
        },
        {
          "type": "renderModule",
          "assetId": "fM-PBE3gad",
          "checksum": "f10a670f4d4bfc1150d84b1d6ed0f8fa"
        },
        {
          "type": "cssRules",
          "assetId": "fM-PBE3gad",
          "checksum": "f10a670f4d4bfc1150d84b1d6ed0f8fa"
        },
        {
          "type": "renderModule",
          "assetId": "L7QFJmh6d_I",
          "checksum": "a2c11b4d9b157f0de856877271b47b5d"
        },
        {
          "type": "cssRules",
          "assetId": "L7QFJmh6d_I",
          "checksum": "a2c11b4d9b157f0de856877271b47b5d"
        },
        {
          "type": "icon",
          "assetId": "zT1yyLrytDX",
          "checksum": "208244972051d2dfa395ef460935b926"
        },
        {
          "type": "icon",
          "assetId": "zsir4Dm1UbC",
          "checksum": "2f1c421ea0ba5a187fa8e2085814d381"
        },
        {
          "type": "icon",
          "assetId": "4WXBfYFgy",
          "checksum": "bddd6963de6e95874a25b65db944e0c4"
        },
        {
          "type": "icon",
          "assetId": "YJSks7-cKx",
          "checksum": "b9bf8ff0cf435b9a8070ff684a3a581b"
        },
        {
          "type": "icon",
          "assetId": "YaioNKdeFV",
          "checksum": "6acea1b5d63fc745361dd10b8ea95895"
        },
        {
          "type": "icon",
          "assetId": "Jz_s8Wvzgq",
          "checksum": "72fa638b15f818055a0d6019c0d7fd8f"
        },
        {
          "type": "icon",
          "assetId": "bRMD7TZ0qg",
          "checksum": "aaaa0a79680f43776426a46e7a2efe6a"
        },
        {
          "type": "icon",
          "assetId": "AQaATkY-uE",
          "checksum": "264bd6c48eaf6f0992981290661ea3ea"
        },
        {
          "type": "icon",
          "assetId": "sOWy2b1yuZ",
          "checksum": "c19632f3a35180e1a9fa8412b4271085"
        },
        {
          "type": "icon",
          "assetId": "e7xl9pDzGf",
          "checksum": "069e7d8e231df739b235bfa4b8b1ca45"
        },
        {
          "type": "icon",
          "assetId": "P0uugp2jEe",
          "checksum": "e8b0b1e67862ae20568a02e345b0164a"
        },
        {
          "type": "icon",
          "assetId": "DKDrvPLykl",
          "checksum": "327bc71644f2f6743376bd5ca52547ff"
        },
        {
          "type": "icon",
          "assetId": "yUaWBRXGAT",
          "checksum": "4ea5f92dc59ee712252d47fa1e5611ef"
        },
        {
          "type": "icon",
          "assetId": "YhypdoLL2z",
          "checksum": "d8d86a59784e2c5f1285b9aab40629bf"
        },
        {
          "type": "icon",
          "assetId": "2XixHAoBao",
          "checksum": "6d5fa9c33dac76b8688ffd4fd5ed6ca0"
        },
        {
          "type": "icon",
          "assetId": "ngJJ-GwnaY",
          "checksum": "316a2d96b23b9d774bc89071e5621d06"
        },
        {
          "type": "icon",
          "assetId": "8DMeAb7NNq",
          "checksum": "9550344aa5b447cd6e70187995540f17"
        },
        {
          "type": "icon",
          "assetId": "ryaI8VyotDd",
          "checksum": "20857a48aadf7b23730f3a83a536f398"
        },
        {
          "type": "icon",
          "assetId": "RrnStGHaMH_",
          "checksum": "343cb3d9cc44190b0c75494efb6449aa"
        },
        {
          "type": "icon",
          "assetId": "LSRU8DOeASe",
          "checksum": "9d4c784ad45a5f124f1aca752cdb71e7"
        },
        {
          "type": "icon",
          "assetId": "LpPtZzW5OtX",
          "checksum": "bac632e6ac597a2b98b09ab497f22286"
        },
        {
          "type": "icon",
          "assetId": "qOIzQYGwswN",
          "checksum": "a54a2b06f183a001b9e69900172218ed"
        },
        {
          "type": "icon",
          "assetId": "iMhy_reGSmx",
          "checksum": "65f3029db26ec53c9286d756d3768f81"
        },
        {
          "type": "icon",
          "assetId": "yyLUYFhoyS4",
          "checksum": "329140f57f6042448d1e20420d67a89f"
        },
        {
          "type": "icon",
          "assetId": "QPyex1i8q_l",
          "checksum": "96edfa22b4813cb4073cb460fd4147db"
        },
        {
          "type": "icon",
          "assetId": "-qhDoMlgc3n",
          "checksum": "a0977c368b6b7dfbe7ae865a5d22353d"
        },
        {
          "type": "icon",
          "assetId": "RfKpJouolhJ",
          "checksum": "997ceccde199b15141609b9b180cfe61"
        },
        {
          "type": "icon",
          "assetId": "Lc1kRyUVa2",
          "checksum": "afe77ca28a818cd9bdb1dcf211c1c2f7"
        },
        {
          "type": "icon",
          "assetId": "nlVS5Yl-X",
          "checksum": "afc7ea0858bd81ba619bab5c8325b304"
        },
        {
          "type": "icon",
          "assetId": "fa-x8YpM-j",
          "checksum": "13053ff800714a9663af4fdd11d8cd34"
        },
        {
          "type": "icon",
          "assetId": "W7LggHx4Zm",
          "checksum": "48f6b922e5971b016e601103693137cf"
        },
        {
          "type": "image",
          "assetId": "83Sos8jb2zv",
          "checksum": "21ed770c0fb7582ee7bf5a2fdef48353"
        },
        {
          "type": "renderModule",
          "assetId": "0-CIISOwT0",
          "checksum": "2c5e1467940cacc35d04ce82e267400f"
        },
        {
          "type": "cssRules",
          "assetId": "0-CIISOwT0",
          "checksum": "2c5e1467940cacc35d04ce82e267400f"
        },
        {
          "type": "renderModule",
          "assetId": "nsqmq6QdR8",
          "checksum": "ddd6cad65be9c1ef7048a0969b560ef2"
        },
        {
          "type": "cssRules",
          "assetId": "nsqmq6QdR8",
          "checksum": "ddd6cad65be9c1ef7048a0969b560ef2"
        },
        {
          "type": "renderModule",
          "assetId": "aWZ5Rm1too",
          "checksum": "1f79f9640fc5b2183e8cca486e82130c"
        },
        {
          "type": "cssRules",
          "assetId": "aWZ5Rm1too",
          "checksum": "1f79f9640fc5b2183e8cca486e82130c"
        },
        {
          "type": "renderModule",
          "assetId": "Pi1SnN7SLJ",
          "checksum": "2e47a1426e82131c4b0364f8bf01144b"
        },
        {
          "type": "cssRules",
          "assetId": "Pi1SnN7SLJ",
          "checksum": "2e47a1426e82131c4b0364f8bf01144b"
        },
        {
          "type": "renderModule",
          "assetId": "jXKRlC2FpR",
          "checksum": "005897d6851f09658c1db077b6998063"
        },
        {
          "type": "cssRules",
          "assetId": "jXKRlC2FpR",
          "checksum": "005897d6851f09658c1db077b6998063"
        },
        {
          "type": "renderModule",
          "assetId": "aoIUbV_IZ6",
          "checksum": "a2404193dd19644f00f5396f3df31264"
        },
        {
          "type": "cssRules",
          "assetId": "aoIUbV_IZ6",
          "checksum": "a2404193dd19644f00f5396f3df31264"
        },
        {
          "type": "renderModule",
          "assetId": "g8sFvLHOQr",
          "checksum": "1d5db59da84fb205e9d6b0a0df6d2ac5"
        },
        {
          "type": "cssRules",
          "assetId": "g8sFvLHOQr",
          "checksum": "1d5db59da84fb205e9d6b0a0df6d2ac5"
        },
        {
          "type": "icon",
          "assetId": "hI4_MAgG3a",
          "checksum": "bca40ab9e11552c86e91cbc6ae42fd1a"
        },
        {
          "type": "icon",
          "assetId": "xX_5xOFSAF",
          "checksum": "0eaa6735863b33b72915be637e0847f0"
        },
        {
          "type": "renderModule",
          "assetId": "0OH69dlSQ5",
          "checksum": "86c19a1deb86114e7bddfb4f5da82bae"
        },
        {
          "type": "cssRules",
          "assetId": "0OH69dlSQ5",
          "checksum": "86c19a1deb86114e7bddfb4f5da82bae"
        },
        {
          "type": "renderModule",
          "assetId": "_jlAiRe8-_",
          "checksum": "b008459a9844b21cb8598c55fa604719"
        },
        {
          "type": "cssRules",
          "assetId": "_jlAiRe8-_",
          "checksum": "b008459a9844b21cb8598c55fa604719"
        },
        {
          "type": "renderModule",
          "assetId": "t1tce5B7Zb",
          "checksum": "4b91ce6760d082b811d884c8caba3488"
        },
        {
          "type": "cssRules",
          "assetId": "t1tce5B7Zb",
          "checksum": "4b91ce6760d082b811d884c8caba3488"
        },
        {
          "type": "renderModule",
          "assetId": "PKQxjs1wgm",
          "checksum": "796590af74a3f3282fcf476ab31deccb"
        },
        {
          "type": "cssRules",
          "assetId": "PKQxjs1wgm",
          "checksum": "796590af74a3f3282fcf476ab31deccb"
        },
        {
          "type": "icon",
          "assetId": "QjsvoVgKAl",
          "checksum": "44c8adcbd0622d631925107973b38d11"
        },
        {
          "type": "icon",
          "assetId": "OMXFNCG8JY",
          "checksum": "78ee75ac48154f3a45b565910d523202"
        },
        {
          "type": "icon",
          "assetId": "da9sopleIS",
          "checksum": "d74c12870ad5ec6d2669f34433dfeee2"
        },
        {
          "type": "icon",
          "assetId": "eE8WHR2991",
          "checksum": "cd18972433d6b7d69c92a4b4e7432b8a"
        },
        {
          "type": "icon",
          "assetId": "oO4s45yxlg",
          "checksum": "6a16feb160ddac74b0a9e878570eb92f"
        },
        {
          "type": "icon",
          "assetId": "uAbKMBtqI6u",
          "checksum": "a636e0e664d3b785618fa1d3a9850d66"
        },
        {
          "type": "icon",
          "assetId": "tnEAR3AGGw-",
          "checksum": "fdc7418ba5d2addac036471eba8dcfcf"
        },
        {
          "type": "icon",
          "assetId": "l6zKJEbUS",
          "checksum": "877baac7c0f26abeb27b4bf4d11be99c"
        },
        {
          "type": "icon",
          "assetId": "Y72ZX9FUhc",
          "checksum": "e10b7966c643ae2640fd7fa376be1631"
        },
        {
          "type": "image",
          "assetId": "7zRAUhSY-",
          "checksum": "f783d91695c3afe14485a5fc4055b58e"
        },
        {
          "type": "renderModule",
          "assetId": "mXVkPhZNDb",
          "checksum": "3756dbb3e366d2d50588f12ebcfdea6a"
        },
        {
          "type": "cssRules",
          "assetId": "mXVkPhZNDb",
          "checksum": "3756dbb3e366d2d50588f12ebcfdea6a"
        },
        {
          "type": "renderModule",
          "assetId": "s_QabdfozE0",
          "checksum": "818d36f9f64d43ae6acfc684e21b7aba"
        },
        {
          "type": "cssRules",
          "assetId": "s_QabdfozE0",
          "checksum": "818d36f9f64d43ae6acfc684e21b7aba"
        },
        {
          "type": "icon",
          "assetId": "gT8hvACrhq",
          "checksum": "2e8eda2258ad8d93db41a460b402a1df"
        },
        {
          "type": "renderModule",
          "assetId": "5o0BGUmfu3",
          "checksum": "c625c6903cd538c5eeaa62a3284bf36b"
        },
        {
          "type": "cssRules",
          "assetId": "5o0BGUmfu3",
          "checksum": "c625c6903cd538c5eeaa62a3284bf36b"
        },
        {
          "type": "renderModule",
          "assetId": "C7OzAAQ7bn",
          "checksum": "e3e26d160a9081a64d6e9b01c35bdb8d"
        },
        {
          "type": "cssRules",
          "assetId": "C7OzAAQ7bn",
          "checksum": "e3e26d160a9081a64d6e9b01c35bdb8d"
        },
        {
          "type": "icon",
          "assetId": "kHX0obXfnO",
          "checksum": "77505e024357fd59d7525fca0e78012b"
        },
        {
          "type": "icon",
          "assetId": "UMJTqO7TiA",
          "checksum": "a97c894eedf43eff3a1983c93df0a5ed"
        },
        {
          "type": "icon",
          "assetId": "dSMbvxuWvc",
          "checksum": "af9a975dfafca6b357b1137ebcd22078"
        },
        {
          "type": "icon",
          "assetId": "EQpdBr4iOZ",
          "checksum": "9f690c382da7fa7966f84ad790951ac2"
        },
        {
          "type": "icon",
          "assetId": "Y23DXZWNxA",
          "checksum": "5c6bfb1b0a6766ffae75fab919bbf0dd"
        },
        {
          "type": "icon",
          "assetId": "MEDI51SRKX",
          "checksum": "a67af63645e6538b09fe2381f20592c8"
        },
        {
          "type": "icon",
          "assetId": "g6sc0MMX_E",
          "checksum": "a8ca6f16013fef458250031175f7387a"
        },
        {
          "type": "icon",
          "assetId": "8pSvQtUDn_",
          "checksum": "9451dd4695be885771827733c860730d"
        },
        {
          "type": "icon",
          "assetId": "x4jDXlPaO7",
          "checksum": "28f833351ac63a0be0deafc85c5ae2fa"
        },
        {
          "type": "icon",
          "assetId": "trfK7-EUa1",
          "checksum": "52ad809c50c1361089364f98fe6494b5"
        },
        {
          "type": "icon",
          "assetId": "yYCyOmPyLP",
          "checksum": "2eae65e5358ef95602a1de46538969a8"
        },
        {
          "type": "icon",
          "assetId": "_gZ-ciJg2R",
          "checksum": "aefc841b1cb2727df7c1af86ea4be131"
        },
        {
          "type": "icon",
          "assetId": "ejEGL8nzuet",
          "checksum": "fb8767dd1577e7979365bf1828783e80"
        },
        {
          "type": "icon",
          "assetId": "LJww66yFA",
          "checksum": "031f19b222797dbe6a350eb2e148aed4"
        },
        {
          "type": "icon",
          "assetId": "6ynFH5NpDR",
          "checksum": "0290f56b54726bb5ec5f33f108d6c4ec"
        },
        {
          "type": "icon",
          "assetId": "dkdu_q_L3x",
          "checksum": "9f5d930b8f167c02d11cee34871426dc"
        },
        {
          "type": "icon",
          "assetId": "MYnjCSVYIa",
          "checksum": "84170e9cd0f3f557ef0aea75559f35db"
        },
        {
          "type": "icon",
          "assetId": "BmEap4mHst",
          "checksum": "0ec942c991972a734935abc8ece21ef8"
        },
        {
          "type": "icon",
          "assetId": "AUoJ-4UGpR",
          "checksum": "a0246c8399dd25d299bd27dd83269a35"
        },
        {
          "type": "icon",
          "assetId": "RqH_RRSivG",
          "checksum": "4a83ea4016dce4c61f2c08915e51d556"
        },
        {
          "type": "icon",
          "assetId": "-WrAMLJnrc",
          "checksum": "c68d4e2e98b4d846e5ea338d21b0eff2"
        },
        {
          "type": "icon",
          "assetId": "LP0XbkxwR6",
          "checksum": "d8be3aae3cebfc74fd9ea13f0d6e1c11"
        },
        {
          "type": "icon",
          "assetId": "HXf_iasQqJ",
          "checksum": "4ecf9d893bb1af0b5df55020c297f2ae"
        },
        {
          "type": "icon",
          "assetId": "JOg8S_krN",
          "checksum": "7cbc3eafc907e8aa3f23a2297ff3a309"
        },
        {
          "type": "icon",
          "assetId": "FqHMplFuD9",
          "checksum": "0455e294aae85a1262df7bcad78d622a"
        },
        {
          "type": "icon",
          "assetId": "QL01pX_6l9",
          "checksum": "81313696dc0f73ba201458bb89af1691"
        },
        {
          "type": "icon",
          "assetId": "34rrHwy7w3",
          "checksum": "3824498396847b8c8d6bb93669229570"
        },
        {
          "type": "icon",
          "assetId": "4iU_f4ZDZj",
          "checksum": "9a602285027e6473d7c46b3778eb3fb3"
        },
        {
          "type": "icon",
          "assetId": "icmbTQu0iF",
          "checksum": "5f2aedfb96a77de0e5aba41115e2bb00"
        },
        {
          "type": "icon",
          "assetId": "IOjI-0zj6y",
          "checksum": "a342073807381b095f0fb790dfe9d524"
        },
        {
          "type": "icon",
          "assetId": "ypD4uI7F3E",
          "checksum": "038f40638c0cbac8c4a2e1d3233ee9cd"
        },
        {
          "type": "icon",
          "assetId": "5SLWQ31K7C",
          "checksum": "1fccc51a5c3bf5dcd636e16126da8f53"
        },
        {
          "type": "icon",
          "assetId": "rudBJ-3hvH",
          "checksum": "b37ff6483ed3d7a0d02f5cd881eef59c"
        },
        {
          "type": "icon",
          "assetId": "_YZEjwJcS3",
          "checksum": "030ee765a45552072e72a079cdb589d6"
        },
        {
          "type": "icon",
          "assetId": "tliSVZLcIk",
          "checksum": "8aceb23a4223bd117e5f2ccb0848162e"
        },
        {
          "type": "icon",
          "assetId": "laZ_c0QCU2",
          "checksum": "9a329343df70e4fe28e771f550cc1a61"
        },
        {
          "type": "icon",
          "assetId": "xU7S_LGWns-",
          "checksum": "d4c7eca941cd1838d541236db4bf1659"
        },
        {
          "type": "icon",
          "assetId": "C8eeN7wQR",
          "checksum": "1d92a68340641c2d269da199886d9ca4"
        },
        {
          "type": "icon",
          "assetId": "PENRTEEz-d",
          "checksum": "9a401e5468c3cfd67ae51806ee8cf1e1"
        },
        {
          "type": "icon",
          "assetId": "LOwCPlhBf",
          "checksum": "5c86a13b304bcd63dbde695d1af6c109"
        },
        {
          "type": "icon",
          "assetId": "jmw1UMip1b",
          "checksum": "a77cc2aba04d313cb41344aef2a0fcc2"
        },
        {
          "type": "icon",
          "assetId": "zWH28o7m1d",
          "checksum": "77f464a88e6c2d4b742ef0f5809b5774"
        },
        {
          "type": "icon",
          "assetId": "U9puKIVukp",
          "checksum": "8015dfaf4e075227f4483fba1bd75897"
        },
        {
          "type": "icon",
          "assetId": "W6lOMsduMN",
          "checksum": "72960ddc3793b390b29fab978791cf5b"
        },
        {
          "type": "icon",
          "assetId": "TgD7Dl_yJp",
          "checksum": "3326f2f31285a1c8bfd2e5c87d0d2f89"
        },
        {
          "type": "icon",
          "assetId": "P0FVp7Ip46",
          "checksum": "505a338f874b4d0d4e661e03717c8660"
        },
        {
          "type": "icon",
          "assetId": "bQWd-PE2S_",
          "checksum": "49464490d871755d6f6a039904386514"
        },
        {
          "type": "icon",
          "assetId": "kZs-sEKbMf",
          "checksum": "b7ef30add84d3608e4dfd021303e2477"
        },
        {
          "type": "image",
          "assetId": "A_GEBiT2u1",
          "checksum": "883d49b38edba677850a712120c13096"
        },
        {
          "type": "image",
          "assetId": "tf8QFSrOTw",
          "checksum": "87eabba66f2ab10b99782ef9e7b98b2a"
        },
        {
          "type": "image",
          "assetId": "DrBCKhfuJ3",
          "checksum": "67d251802a8bb6f002c332f5b80524bb"
        },
        {
          "type": "image",
          "assetId": "_59OdxXuCL",
          "checksum": "41a075aea74b801e7de0a5e0a187963d"
        },
        {
          "type": "image",
          "assetId": "KqUr7Sk5y4",
          "checksum": "db1f5e10c678b90ee3b8ed0f6504a96e"
        },
        {
          "type": "image",
          "assetId": "6cuntEEhYA",
          "checksum": "f9d5312a2ad594f638887473e6f3e6d7"
        },
        {
          "assetId": "wGQNdEnY25VfiXqc2ZGJrZ",
          "type": "projectCss",
          "checksum": "6a500f598a626cdf7c88b5e1529632ab"
        },
        {
          "type": "renderModule",
          "assetId": "g6QWLntlsN",
          "checksum": "86fa8af3a8e57342844e548eb2bb396a"
        },
        {
          "type": "cssRules",
          "assetId": "g6QWLntlsN",
          "checksum": "86fa8af3a8e57342844e548eb2bb396a"
        },
        {
          "type": "renderModule",
          "assetId": "t5q-SVBQge",
          "checksum": "43890398d3681e8bab8826ac736653c8"
        },
        {
          "type": "cssRules",
          "assetId": "t5q-SVBQge",
          "checksum": "43890398d3681e8bab8826ac736653c8"
        },
        {
          "type": "renderModule",
          "assetId": "K7N9AoXVMq",
          "checksum": "9eca33742f2e784e0e7550d20d9a314b"
        },
        {
          "type": "cssRules",
          "assetId": "K7N9AoXVMq",
          "checksum": "9eca33742f2e784e0e7550d20d9a314b"
        },
        {
          "type": "renderModule",
          "assetId": "10hAls6cZY",
          "checksum": "984b6c1236d089d482c69a270015db5d"
        },
        {
          "type": "cssRules",
          "assetId": "10hAls6cZY",
          "checksum": "984b6c1236d089d482c69a270015db5d"
        },
        {
          "type": "icon",
          "assetId": "Vqsf5V3jgV",
          "checksum": "a92e48ffa58d16208be9e51322cf6723"
        }
      ],
      "codegenVersion": "0.0.1"
    }
  ],
  "cliVersion": "0.1.178"
}
