{
  "projects": [
    {
      "projectId": "28Ba3BDvRe7EiWdfFNnLB6",
      "version": "2.1.0",
      "dependencies": {},
      "lang": "ts",
      "fileLocks": [
        {
          "assetId": "28Ba3BDvRe7EiWdfFNnLB6",
          "type": "projectCss",
          "checksum": "45ad053e4d139f2fd68e52efbfa9ea55"
        }
      ],
      "codegenVersion": "0.0.1"
    },
    {
      "projectId": "r3ASNrnyvLLLAtDvzUioQ",
      "version": "2.1.1",
      "dependencies": {},
      "lang": "ts",
      "fileLocks": [
        {
          "type": "globalVariant",
          "assetId": "QvtMAh6IevC",
          "checksum": "b4c14f1981e55253b9162627749eab51"
        },
        {
          "assetId": "r3ASNrnyvLLLAtDvzUioQ",
          "type": "projectCss",
          "checksum": "cd8dd0c5b48f90b1ce59d2c80860c3eb"
        }
      ],
      "codegenVersion": "0.0.1"
    },
    {
      "projectId": "wGQNdEnY25VfiXqc2ZGJrZ",
      "version": "latest",
      "dependencies": {
        "r3ASNrnyvLLLAtDvzUioQ": "2.1.1",
        "28Ba3BDvRe7EiWdfFNnLB6": "2.1.0"
      },
      "lang": "ts",
      "fileLocks": [
        {
          "type": "globalVariant",
          "assetId": "X5dfGFKQHT6sb",
          "checksum": "f386e21769b996a66982995d7b359f0a"
        },
        {
          "type": "renderModule",
          "assetId": "4V9pJe2SUwNn",
          "checksum": "008a4a42cf623ddbe167ff34a67ffe2a"
        },
        {
          "type": "cssRules",
          "assetId": "4V9pJe2SUwNn",
          "checksum": "008a4a42cf623ddbe167ff34a67ffe2a"
        },
        {
          "type": "renderModule",
          "assetId": "eZM_gBMn2w",
          "checksum": "2c7e41ff2dc1eec02bc0ae23a525bc5d"
        },
        {
          "type": "cssRules",
          "assetId": "eZM_gBMn2w",
          "checksum": "2c7e41ff2dc1eec02bc0ae23a525bc5d"
        },
        {
          "type": "renderModule",
          "assetId": "fM-PBE3gad",
          "checksum": "d66a03b5e13b058df9d380f3d3666d7e"
        },
        {
          "type": "cssRules",
          "assetId": "fM-PBE3gad",
          "checksum": "d66a03b5e13b058df9d380f3d3666d7e"
        },
        {
          "type": "renderModule",
          "assetId": "L7QFJmh6d_I",
          "checksum": "99ceb8ae9297ab1b02530a6cdfb8e0b5"
        },
        {
          "type": "cssRules",
          "assetId": "L7QFJmh6d_I",
          "checksum": "99ceb8ae9297ab1b02530a6cdfb8e0b5"
        },
        {
          "type": "icon",
          "assetId": "zT1yyLrytDX",
          "checksum": "208244972051d2dfa395ef460935b926"
        },
        {
          "type": "icon",
          "assetId": "zsir4Dm1UbC",
          "checksum": "2f1c421ea0ba5a187fa8e2085814d381"
        },
        {
          "type": "icon",
          "assetId": "4WXBfYFgy",
          "checksum": "bddd6963de6e95874a25b65db944e0c4"
        },
        {
          "type": "icon",
          "assetId": "YJSks7-cKx",
          "checksum": "b9bf8ff0cf435b9a8070ff684a3a581b"
        },
        {
          "type": "icon",
          "assetId": "YaioNKdeFV",
          "checksum": "6acea1b5d63fc745361dd10b8ea95895"
        },
        {
          "type": "icon",
          "assetId": "Jz_s8Wvzgq",
          "checksum": "72fa638b15f818055a0d6019c0d7fd8f"
        },
        {
          "type": "icon",
          "assetId": "bRMD7TZ0qg",
          "checksum": "aaaa0a79680f43776426a46e7a2efe6a"
        },
        {
          "type": "icon",
          "assetId": "AQaATkY-uE",
          "checksum": "264bd6c48eaf6f0992981290661ea3ea"
        },
        {
          "type": "icon",
          "assetId": "sOWy2b1yuZ",
          "checksum": "c19632f3a35180e1a9fa8412b4271085"
        },
        {
          "type": "icon",
          "assetId": "e7xl9pDzGf",
          "checksum": "069e7d8e231df739b235bfa4b8b1ca45"
        },
        {
          "type": "icon",
          "assetId": "P0uugp2jEe",
          "checksum": "e8b0b1e67862ae20568a02e345b0164a"
        },
        {
          "type": "icon",
          "assetId": "DKDrvPLykl",
          "checksum": "327bc71644f2f6743376bd5ca52547ff"
        },
        {
          "type": "icon",
          "assetId": "yUaWBRXGAT",
          "checksum": "4ea5f92dc59ee712252d47fa1e5611ef"
        },
        {
          "type": "icon",
          "assetId": "YhypdoLL2z",
          "checksum": "d8d86a59784e2c5f1285b9aab40629bf"
        },
        {
          "type": "icon",
          "assetId": "2XixHAoBao",
          "checksum": "6d5fa9c33dac76b8688ffd4fd5ed6ca0"
        },
        {
          "type": "icon",
          "assetId": "ngJJ-GwnaY",
          "checksum": "316a2d96b23b9d774bc89071e5621d06"
        },
        {
          "type": "icon",
          "assetId": "8DMeAb7NNq",
          "checksum": "9550344aa5b447cd6e70187995540f17"
        },
        {
          "type": "icon",
          "assetId": "ryaI8VyotDd",
          "checksum": "20857a48aadf7b23730f3a83a536f398"
        },
        {
          "type": "icon",
          "assetId": "RrnStGHaMH_",
          "checksum": "343cb3d9cc44190b0c75494efb6449aa"
        },
        {
          "type": "icon",
          "assetId": "LSRU8DOeASe",
          "checksum": "9d4c784ad45a5f124f1aca752cdb71e7"
        },
        {
          "type": "icon",
          "assetId": "LpPtZzW5OtX",
          "checksum": "bac632e6ac597a2b98b09ab497f22286"
        },
        {
          "type": "icon",
          "assetId": "qOIzQYGwswN",
          "checksum": "a54a2b06f183a001b9e69900172218ed"
        },
        {
          "type": "icon",
          "assetId": "iMhy_reGSmx",
          "checksum": "65f3029db26ec53c9286d756d3768f81"
        },
        {
          "type": "icon",
          "assetId": "yyLUYFhoyS4",
          "checksum": "329140f57f6042448d1e20420d67a89f"
        },
        {
          "type": "icon",
          "assetId": "QPyex1i8q_l",
          "checksum": "96edfa22b4813cb4073cb460fd4147db"
        },
        {
          "type": "icon",
          "assetId": "-qhDoMlgc3n",
          "checksum": "a0977c368b6b7dfbe7ae865a5d22353d"
        },
        {
          "type": "icon",
          "assetId": "RfKpJouolhJ",
          "checksum": "997ceccde199b15141609b9b180cfe61"
        },
        {
          "type": "icon",
          "assetId": "Lc1kRyUVa2",
          "checksum": "afe77ca28a818cd9bdb1dcf211c1c2f7"
        },
        {
          "type": "icon",
          "assetId": "nlVS5Yl-X",
          "checksum": "afc7ea0858bd81ba619bab5c8325b304"
        },
        {
          "type": "icon",
          "assetId": "fa-x8YpM-j",
          "checksum": "13053ff800714a9663af4fdd11d8cd34"
        },
        {
          "type": "icon",
          "assetId": "W7LggHx4Zm",
          "checksum": "48f6b922e5971b016e601103693137cf"
        },
        {
          "type": "image",
          "assetId": "83Sos8jb2zv",
          "checksum": "21ed770c0fb7582ee7bf5a2fdef48353"
        },
        {
          "type": "renderModule",
          "assetId": "0-CIISOwT0",
          "checksum": "bd6eb600cfcc6a5ef51df62711fce2b8"
        },
        {
          "type": "cssRules",
          "assetId": "0-CIISOwT0",
          "checksum": "bd6eb600cfcc6a5ef51df62711fce2b8"
        },
        {
          "assetId": "wGQNdEnY25VfiXqc2ZGJrZ",
          "type": "projectCss",
          "checksum": "284fbf20bb3fc353e98ee093ce2a93b4"
        },
        {
          "type": "renderModule",
          "assetId": "nsqmq6QdR8",
          "checksum": "7256dc338b976e47603387374f776787"
        },
        {
          "type": "cssRules",
          "assetId": "nsqmq6QdR8",
          "checksum": "7256dc338b976e47603387374f776787"
        }
      ],
      "codegenVersion": "0.0.1"
    }
  ],
  "cliVersion": "0.1.178"
}
